
Microsoft Visual Studio Solution File, Format Version 12.00
# Visual Studio Version 17
VisualStudioVersion = 17.5.002.0
MinimumVisualStudioVersion = 10.0.40219.1
Project("{9A19103F-16F7-4668-BE54-9A1E7A4F7556}") = "DesafioPOO", "DesafioPOO.csproj", "{0349F042-0482-4D27-97AD-93DB36F6D93B}"
EndProject
Global
	GlobalSection(SolutionConfigurationPlatforms) = preSolution
		Debug|Any CPU = Debug|Any CPU
		Release|Any CPU = Release|Any CPU
	EndGlobalSection
	GlobalSection(ProjectConfigurationPlatforms) = postSolution
		{0349F042-0482-4D27-97AD-93DB36F6D93B}.Debug|Any CPU.ActiveCfg = Debug|Any CPU
		{0349F042-0482-4D27-97AD-93DB36F6D93B}.Debug|Any CPU.Build.0 = Debug|Any CPU
		{0349F042-0482-4D27-97AD-93DB36F6D93B}.Release|Any CPU.ActiveCfg = Release|Any CPU
		{0349F042-0482-4D27-97AD-93DB36F6D93B}.Release|Any CPU.Build.0 = Release|Any CPU
	EndGlobalSection
	GlobalSection(SolutionProperties) = preSolution
		HideSolutionNode = FALSE
	EndGlobalSection
	GlobalSection(ExtensibilityGlobals) = postSolution
		SolutionGuid = {8E73DD63-E736-43A0-A5F4-89E75C423385}
	EndGlobalSection
EndGlobal
